{
  "requires": true,
  "lockfileVersion": 1,
  "dependencies": {
    "@google/maps": {
      "version": "0.4.6",
      "resolved": "https://registry.npmjs.org/@google/maps/-/maps-0.4.6.tgz",
      "integrity": "sha512-eoLrzOc2/IYqce0Tw1dxuHEqabbPS5jsuhbGHMkJETI5eA1Ls+1BlRigjbljgnbH77f5P9wfFgaoolXIhMYg8Q=="
    }
  }
}
